
Microsoft Visual Studio Solution File, Format Version 12.00
# Visual Studio 15
Project("{FAE04EC0-301F-11D3-BF4B-00C04F79EFBC}") = "SharpLocker", "SharpLocker.csproj", "{A6F8500F-68BC-4EFC-962A-6C6E68D893AF}"
EndProject
Global
	GlobalSection(SolutionConfigurationPlatforms) = preSolution
		Debug|Any CPU = Debug|Any CPU
		Release|Any CPU = Release|Any CPU
	EndGlobalSection
	GlobalSection(ProjectConfigurationPlatforms) = postSolution
		{A6F8500F-68BC-4EFC-962A-6C6E68D893AF}.Debug|Any CPU.ActiveCfg = Debug|Any CPU
		{A6F8500F-68BC-4EFC-962A-6C6E68D893AF}.Debug|Any CPU.Build.0 = Debug|Any CPU
		{A6F8500F-68BC-4EFC-962A-6C6E68D893AF}.Release|Any CPU.ActiveCfg = Release|Any CPU
		{A6F8500F-68BC-4EFC-962A-6C6E68D893AF}.Release|Any CPU.Build.0 = Release|Any CPU
	EndGlobalSection
EndGlobal
